
Microsoft Visual Studio Solution File, Format Version 12.00
# Visual Studio 15
VisualStudioVersion = 15.0.28307.329
MinimumVisualStudioVersion = 10.0.40219.1
Project("{FAE04EC0-301F-11D3-BF4B-00C04F79EFBC}") = "ElectroBackend", "ElectroBackend\ElectroBackend.csproj", "{2A5642B9-F576-4AD9-BB1F-7BB226C27327}"
EndProject
Global
	GlobalSection(SolutionConfigurationPlatforms) = preSolution
		Debug|Any CPU = Debug|Any CPU
		Release|Any CPU = Release|Any CPU
	EndGlobalSection
	GlobalSection(ProjectConfigurationPlatforms) = postSolution
		{2A5642B9-F576-4AD9-BB1F-7BB226C27327}.Debug|Any CPU.ActiveCfg = Debug|Any CPU
		{2A5642B9-F576-4AD9-BB1F-7BB226C27327}.Debug|Any CPU.Build.0 = Debug|Any CPU
		{2A5642B9-F576-4AD9-BB1F-7BB226C27327}.Release|Any CPU.ActiveCfg = Release|Any CPU
		{2A5642B9-F576-4AD9-BB1F-7BB226C27327}.Release|Any CPU.Build.0 = Release|Any CPU
	EndGlobalSection
	GlobalSection(SolutionProperties) = preSolution
		HideSolutionNode = FALSE
	EndGlobalSection
	GlobalSection(ExtensibilityGlobals) = postSolution
		SolutionGuid = {1EBD00EA-5175-49B2-903B-29195DBBF0BA}
	EndGlobalSection
EndGlobal
